
Microsoft Visual Studio Solution File, Format Version 9.00
# Visual Studio 2005
Project("{8BC9CEB8-8B4A-11D0-8D11-00A0C91BC942}") = "winaddr2line", "winaddr2line\winaddr2line.vcproj", "{18E4B668-5FA2-451E-974D-E4446F53BE8E}"
EndProject
Project("{8BC9CEB8-8B4A-11D0-8D11-00A0C91BC942}") = "winnm", "winnm\winnm.vcproj", "{F3E5733E-69B9-4A26-8C89-7F16E3A54B26}"
EndProject
Global
	GlobalSection(SolutionConfigurationPlatforms) = preSolution
		Debug|Win32 = Debug|Win32
		Release|Win32 = Release|Win32
	EndGlobalSection
	GlobalSection(ProjectConfigurationPlatforms) = postSolution
		{18E4B668-5FA2-451E-974D-E4446F53BE8E}.Debug|Win32.ActiveCfg = Debug|Win32
		{18E4B668-5FA2-451E-974D-E4446F53BE8E}.Debug|Win32.Build.0 = Debug|Win32
		{18E4B668-5FA2-451E-974D-E4446F53BE8E}.Release|Win32.ActiveCfg = Release|Win32
		{18E4B668-5FA2-451E-974D-E4446F53BE8E}.Release|Win32.Build.0 = Release|Win32
		{F3E5733E-69B9-4A26-8C89-7F16E3A54B26}.Debug|Win32.ActiveCfg = Debug|Win32
		{F3E5733E-69B9-4A26-8C89-7F16E3A54B26}.Debug|Win32.Build.0 = Debug|Win32
		{F3E5733E-69B9-4A26-8C89-7F16E3A54B26}.Release|Win32.ActiveCfg = Release|Win32
		{F3E5733E-69B9-4A26-8C89-7F16E3A54B26}.Release|Win32.Build.0 = Release|Win32
	EndGlobalSection
	GlobalSection(SolutionProperties) = preSolution
		HideSolutionNode = FALSE
	EndGlobalSection
EndGlobal
